
Microsoft Visual Studio Solution File, Format Version 12.00
# Visual Studio Version 17
VisualStudioVersion = 17.0.32126.317
MinimumVisualStudioVersion = 10.0.40219.1
Project("{FAE04EC0-301F-11D3-BF4B-00C04F79EFBC}") = "EntityProjeUygulama", "EntityProjeUygulama\EntityProjeUygulama.csproj", "{20185B1F-A818-4D12-B3DE-E23CB922D45E}"
EndProject
Global
	GlobalSection(SolutionConfigurationPlatforms) = preSolution
		Debug|Any CPU = Debug|Any CPU
		Release|Any CPU = Release|Any CPU
	EndGlobalSection
	GlobalSection(ProjectConfigurationPlatforms) = postSolution
		{20185B1F-A818-4D12-B3DE-E23CB922D45E}.Debug|Any CPU.ActiveCfg = Debug|Any CPU
		{20185B1F-A818-4D12-B3DE-E23CB922D45E}.Debug|Any CPU.Build.0 = Debug|Any CPU
		{20185B1F-A818-4D12-B3DE-E23CB922D45E}.Release|Any CPU.ActiveCfg = Release|Any CPU
		{20185B1F-A818-4D12-B3DE-E23CB922D45E}.Release|Any CPU.Build.0 = Release|Any CPU
	EndGlobalSection
	GlobalSection(SolutionProperties) = preSolution
		HideSolutionNode = FALSE
	EndGlobalSection
	GlobalSection(ExtensibilityGlobals) = postSolution
		SolutionGuid = {52B14A13-D4D7-47F9-8E59-30A69AE061CC}
	EndGlobalSection
EndGlobal
